
Microsoft Visual Studio Solution File, Format Version 12.00
# Visual Studio Version 17
VisualStudioVersion = 17.13.35806.99 d17.13
MinimumVisualStudioVersion = 10.0.40219.1
Project("{FAE04EC0-301F-11D3-BF4B-00C04F79EFBC}") = "RTX_CLOSE_TK", "RTX_CLOSE_TK.csproj", "{DB0CE978-9B42-4513-8AA2-CFEAE759F19D}"
EndProject
Global
	GlobalSection(SolutionConfigurationPlatforms) = preSolution
		Debug|Any CPU = Debug|Any CPU
		Release|Any CPU = Release|Any CPU
	EndGlobalSection
	GlobalSection(ProjectConfigurationPlatforms) = postSolution
		{DB0CE978-9B42-4513-8AA2-CFEAE759F19D}.Debug|Any CPU.ActiveCfg = Debug|Any CPU
		{DB0CE978-9B42-4513-8AA2-CFEAE759F19D}.Debug|Any CPU.Build.0 = Debug|Any CPU
		{DB0CE978-9B42-4513-8AA2-CFEAE759F19D}.Release|Any CPU.ActiveCfg = Release|Any CPU
		{DB0CE978-9B42-4513-8AA2-CFEAE759F19D}.Release|Any CPU.Build.0 = Release|Any CPU
	EndGlobalSection
	GlobalSection(SolutionProperties) = preSolution
		HideSolutionNode = FALSE
	EndGlobalSection
	GlobalSection(ExtensibilityGlobals) = postSolution
		SolutionGuid = {0CCCCC26-9F0E-41F9-BBCF-C7A1F275F5AC}
	EndGlobalSection
EndGlobal
